
Microsoft Visual Studio Solution File, Format Version 12.00
# Visual Studio 15
VisualStudioVersion = 15.0.27004.2005
MinimumVisualStudioVersion = 10.0.40219.1
Project("{8BC9CEB8-8B4A-11D0-8D11-00A0C91BC942}") = "ZFSin", "ZFSin\ZFSin.vcxproj", "{9AFC9A86-1D07-49E1-9296-F7A3979B751D}"
EndProject
Project("{2150E333-8FDC-42A3-9474-1A3956D46DE8}") = "kernel", "kernel", "{CD3AEDC9-BC88-4B8A-A581-86AF23FA1A40}"
EndProject
Project("{2150E333-8FDC-42A3-9474-1A3956D46DE8}") = "userland", "userland", "{5B75C17A-7B69-4F0F-8CD8-7E8117B21865}"
EndProject
Project("{2150E333-8FDC-42A3-9474-1A3956D46DE8}") = "lib", "lib", "{09435112-F31C-4F47-B23E-DF2C82815654}"
EndProject
Project("{8BC9CEB8-8B4A-11D0-8D11-00A0C91BC942}") = "libspl", "ZFSin\zfs\lib\libspl\libspl\libspl.vcxproj", "{5514A992-229B-47B4-9E37-8299A4C1263A}"
	ProjectSection(ProjectDependencies) = postProject
		{9AFC9A86-1D07-49E1-9296-F7A3979B751D} = {9AFC9A86-1D07-49E1-9296-F7A3979B751D}
	EndProjectSection
EndProject
Project("{8BC9CEB8-8B4A-11D0-8D11-00A0C91BC942}") = "libzpool", "ZFSin\zfs\lib\libzpool\libzpool\libzpool.vcxproj", "{6352BFDB-D45E-47FD-BDE8-F9320CAECF9B}"
	ProjectSection(ProjectDependencies) = postProject
		{745DEC58-EBB3-47A9-A9B8-4C6627C01BF8} = {745DEC58-EBB3-47A9-A9B8-4C6627C01BF8}
		{5514A992-229B-47B4-9E37-8299A4C1263A} = {5514A992-229B-47B4-9E37-8299A4C1263A}
	EndProjectSection
EndProject
Project("{8BC9CEB8-8B4A-11D0-8D11-00A0C91BC942}") = "zlibstat", "ZFSin\zfs\lib\zlib-1.2.3\contrib\vstudio\vc8\zlibstat.vcxproj", "{745DEC58-EBB3-47A9-A9B8-4C6627C01BF8}"
EndProject
Project("{8BC9CEB8-8B4A-11D0-8D11-00A0C91BC942}") = "libnvpair", "ZFSin\zfs\lib\libnvpair\libnvpair\libnvpair.vcxproj", "{9BAA46C8-7D45-43F6-BBE9-53C7C78500F0}"
EndProject
Project("{8BC9CEB8-8B4A-11D0-8D11-00A0C91BC942}") = "libuutil", "ZFSin\zfs\lib\libuutil\libuutil\libuutil.vcxproj", "{46508747-2A2D-4F92-95EF-AAAD820BC29B}"
EndProject
Project("{8BC9CEB8-8B4A-11D0-8D11-00A0C91BC942}") = "libzfs_core", "ZFSin\zfs\lib\libzfs_core\libzfs_core\libzfs_core.vcxproj", "{9BDD4E3E-9874-46B9-A6A1-B328FFB3E94F}"
EndProject
Project("{8BC9CEB8-8B4A-11D0-8D11-00A0C91BC942}") = "libzfs", "ZFSin\zfs\lib\libzfs\libzfs\libzfs.vcxproj", "{93BBE582-95D6-4CB4-9C3C-9825B6607453}"
	ProjectSection(ProjectDependencies) = postProject
		{745DEC58-EBB3-47A9-A9B8-4C6627C01BF8} = {745DEC58-EBB3-47A9-A9B8-4C6627C01BF8}
	EndProjectSection
EndProject
Project("{2150E333-8FDC-42A3-9474-1A3956D46DE8}") = "cmd", "cmd", "{512F5D40-6654-4669-AEB0-189E6B549D31}"
EndProject
Project("{8BC9CEB8-8B4A-11D0-8D11-00A0C91BC942}") = "zpool", "ZFSin\zfs\cmd\zpool\zpool\zpool.vcxproj", "{D588961B-6501-4259-AC02-EAD1B465EF89}"
	ProjectSection(ProjectDependencies) = postProject
		{46508747-2A2D-4F92-95EF-AAAD820BC29B} = {46508747-2A2D-4F92-95EF-AAAD820BC29B}
	EndProjectSection
EndProject
Project("{8BC9CEB8-8B4A-11D0-8D11-00A0C91BC942}") = "libavl", "ZFSin\zfs\lib\libavl\libavl\libavl.vcxproj", "{037095A1-C6DA-41E2-9E03-11E4282CA85D}"
EndProject
Project("{8BC9CEB8-8B4A-11D0-8D11-00A0C91BC942}") = "libefi", "ZFSin\zfs\lib\libefi\libefi\libefi.vcxproj", "{C9B7EC29-CC3B-463C-9B84-B2EF4D13F69D}"
EndProject
Project("{8BC9CEB8-8B4A-11D0-8D11-00A0C91BC942}") = "libuuid", "ZFSin\zfs\lib\libuuid\libuuid\libuuid.vcxproj", "{AFADBAAF-F5B7-4A2A-8DA5-9D95E1A5CDA4}"
EndProject
Project("{8BC9CEB8-8B4A-11D0-8D11-00A0C91BC942}") = "libicp", "ZFSin\zfs\lib\libicp\libicp\libicp.vcxproj", "{1696DCFF-4F3A-4199-A677-27A578AE2DE1}"
EndProject
Project("{8BC9CEB8-8B4A-11D0-8D11-00A0C91BC942}") = "libshare", "ZFSin\zfs\lib\libshare\libshare\libshare.vcxproj", "{91CD04E0-3A60-4092-BC71-9A20D91F3651}"
EndProject
Project("{8BC9CEB8-8B4A-11D0-8D11-00A0C91BC942}") = "libunicode", "ZFSin\zfs\lib\libunicode\libunicode\libunicode.vcxproj", "{C6948C8E-ABE3-4D34-8300-C88B8A5BD8FD}"
EndProject
Project("{8BC9CEB8-8B4A-11D0-8D11-00A0C91BC942}") = "zfs", "ZFSin\zfs\cmd\zfs\zfs\zfs.vcxproj", "{D923B8A4-5161-4E28-9E69-D3193114DAC4}"
	ProjectSection(ProjectDependencies) = postProject
		{745DEC58-EBB3-47A9-A9B8-4C6627C01BF8} = {745DEC58-EBB3-47A9-A9B8-4C6627C01BF8}
		{5514A992-229B-47B4-9E37-8299A4C1263A} = {5514A992-229B-47B4-9E37-8299A4C1263A}
		{1696DCFF-4F3A-4199-A677-27A578AE2DE1} = {1696DCFF-4F3A-4199-A677-27A578AE2DE1}
	EndProjectSection
EndProject
Project("{8BC9CEB8-8B4A-11D0-8D11-00A0C91BC942}") = "zstreamdump", "ZFSin\zfs\cmd\zstreamdump\zstreamdump\zstreamdump.vcxproj", "{4778CE42-0E64-4BC5-86A4-3568F977C0F9}"
EndProject
Project("{8BC9CEB8-8B4A-11D0-8D11-00A0C91BC942}") = "zdb", "ZFSin\zfs\cmd\zdb\zdb\zdb.vcxproj", "{1727E0FD-46FF-4690-BC35-78B7AA300679}"
EndProject
Project("{8BC9CEB8-8B4A-11D0-8D11-00A0C91BC942}") = "OpenZFSonWindows", "OpenZFSonWindows\OpenZFSonWindows.vcxproj", "{CB833E7C-6578-4110-9806-8648612272C7}"
EndProject
Project("{8BC9CEB8-8B4A-11D0-8D11-00A0C91BC942}") = "libkstat", "ZFSin\zfs\lib\libkstat\libkstat.vcxproj", "{72E27CAC-9D5C-4100-AC4F-3830A0E0C316}"
EndProject
Project("{8BC9CEB8-8B4A-11D0-8D11-00A0C91BC942}") = "kstat", "ZFSin\zfs\cmd\kstat\kstat.vcxproj", "{124252BB-55ED-429B-AF4B-9D19043912D1}"
EndProject
Global
	GlobalSection(SolutionConfigurationPlatforms) = preSolution
		Debug|ARM = Debug|ARM
		Debug|ARM64 = Debug|ARM64
		Debug|x64 = Debug|x64
		Debug|x86 = Debug|x86
		Release|ARM = Release|ARM
		Release|ARM64 = Release|ARM64
		Release|x64 = Release|x64
		Release|x86 = Release|x86
		ReleaseWithoutAsm|ARM = ReleaseWithoutAsm|ARM
		ReleaseWithoutAsm|ARM64 = ReleaseWithoutAsm|ARM64
		ReleaseWithoutAsm|x64 = ReleaseWithoutAsm|x64
		ReleaseWithoutAsm|x86 = ReleaseWithoutAsm|x86
	EndGlobalSection
	GlobalSection(ProjectConfigurationPlatforms) = postSolution
		{9AFC9A86-1D07-49E1-9296-F7A3979B751D}.Debug|ARM.ActiveCfg = Debug|ARM
		{9AFC9A86-1D07-49E1-9296-F7A3979B751D}.Debug|ARM.Build.0 = Debug|ARM
		{9AFC9A86-1D07-49E1-9296-F7A3979B751D}.Debug|ARM.Deploy.0 = Debug|ARM
		{9AFC9A86-1D07-49E1-9296-F7A3979B751D}.Debug|ARM64.ActiveCfg = Debug|ARM64
		{9AFC9A86-1D07-49E1-9296-F7A3979B751D}.Debug|ARM64.Build.0 = Debug|ARM64
		{9AFC9A86-1D07-49E1-9296-F7A3979B751D}.Debug|ARM64.Deploy.0 = Debug|ARM64
		{9AFC9A86-1D07-49E1-9296-F7A3979B751D}.Debug|x64.ActiveCfg = Debug|x64
		{9AFC9A86-1D07-49E1-9296-F7A3979B751D}.Debug|x64.Build.0 = Debug|x64
		{9AFC9A86-1D07-49E1-9296-F7A3979B751D}.Debug|x64.Deploy.0 = Debug|x64
		{9AFC9A86-1D07-49E1-9296-F7A3979B751D}.Debug|x86.ActiveCfg = Debug|Win32
		{9AFC9A86-1D07-49E1-9296-F7A3979B751D}.Debug|x86.Build.0 = Debug|Win32
		{9AFC9A86-1D07-49E1-9296-F7A3979B751D}.Debug|x86.Deploy.0 = Debug|Win32
		{9AFC9A86-1D07-49E1-9296-F7A3979B751D}.Release|ARM.ActiveCfg = Release|ARM
		{9AFC9A86-1D07-49E1-9296-F7A3979B751D}.Release|ARM.Build.0 = Release|ARM
		{9AFC9A86-1D07-49E1-9296-F7A3979B751D}.Release|ARM.Deploy.0 = Release|ARM
		{9AFC9A86-1D07-49E1-9296-F7A3979B751D}.Release|ARM64.ActiveCfg = Release|ARM64
		{9AFC9A86-1D07-49E1-9296-F7A3979B751D}.Release|ARM64.Build.0 = Release|ARM64
		{9AFC9A86-1D07-49E1-9296-F7A3979B751D}.Release|ARM64.Deploy.0 = Release|ARM64
		{9AFC9A86-1D07-49E1-9296-F7A3979B751D}.Release|x64.ActiveCfg = Release|x64
		{9AFC9A86-1D07-49E1-9296-F7A3979B751D}.Release|x64.Build.0 = Release|x64
		{9AFC9A86-1D07-49E1-9296-F7A3979B751D}.Release|x64.Deploy.0 = Release|x64
		{9AFC9A86-1D07-49E1-9296-F7A3979B751D}.Release|x86.ActiveCfg = Release|Win32
		{9AFC9A86-1D07-49E1-9296-F7A3979B751D}.Release|x86.Build.0 = Release|Win32
		{9AFC9A86-1D07-49E1-9296-F7A3979B751D}.Release|x86.Deploy.0 = Release|Win32
		{9AFC9A86-1D07-49E1-9296-F7A3979B751D}.ReleaseWithoutAsm|ARM.ActiveCfg = Release|ARM
		{9AFC9A86-1D07-49E1-9296-F7A3979B751D}.ReleaseWithoutAsm|ARM.Build.0 = Release|ARM
		{9AFC9A86-1D07-49E1-9296-F7A3979B751D}.ReleaseWithoutAsm|ARM.Deploy.0 = Release|ARM
		{9AFC9A86-1D07-49E1-9296-F7A3979B751D}.ReleaseWithoutAsm|ARM64.ActiveCfg = Release|ARM64
		{9AFC9A86-1D07-49E1-9296-F7A3979B751D}.ReleaseWithoutAsm|ARM64.Build.0 = Release|ARM64
		{9AFC9A86-1D07-49E1-9296-F7A3979B751D}.ReleaseWithoutAsm|ARM64.Deploy.0 = Release|ARM64
		{9AFC9A86-1D07-49E1-9296-F7A3979B751D}.ReleaseWithoutAsm|x64.ActiveCfg = Debug|x64
		{9AFC9A86-1D07-49E1-9296-F7A3979B751D}.ReleaseWithoutAsm|x64.Build.0 = Debug|x64
		{9AFC9A86-1D07-49E1-9296-F7A3979B751D}.ReleaseWithoutAsm|x64.Deploy.0 = Debug|x64
		{9AFC9A86-1D07-49E1-9296-F7A3979B751D}.ReleaseWithoutAsm|x86.ActiveCfg = Release|Win32
		{9AFC9A86-1D07-49E1-9296-F7A3979B751D}.ReleaseWithoutAsm|x86.Build.0 = Release|Win32
		{9AFC9A86-1D07-49E1-9296-F7A3979B751D}.ReleaseWithoutAsm|x86.Deploy.0 = Release|Win32
		{5514A992-229B-47B4-9E37-8299A4C1263A}.Debug|ARM.ActiveCfg = Debug|ARM
		{5514A992-229B-47B4-9E37-8299A4C1263A}.Debug|ARM.Build.0 = Debug|ARM
		{5514A992-229B-47B4-9E37-8299A4C1263A}.Debug|ARM.Deploy.0 = Debug|ARM
		{5514A992-229B-47B4-9E37-8299A4C1263A}.Debug|ARM64.ActiveCfg = Debug|ARM64
		{5514A992-229B-47B4-9E37-8299A4C1263A}.Debug|ARM64.Build.0 = Debug|ARM64
		{5514A992-229B-47B4-9E37-8299A4C1263A}.Debug|ARM64.Deploy.0 = Debug|ARM64
		{5514A992-229B-47B4-9E37-8299A4C1263A}.Debug|x64.ActiveCfg = Debug|x64
		{5514A992-229B-47B4-9E37-8299A4C1263A}.Debug|x64.Build.0 = Debug|x64
		{5514A992-229B-47B4-9E37-8299A4C1263A}.Debug|x64.Deploy.0 = Debug|x64
		{5514A992-229B-47B4-9E37-8299A4C1263A}.Debug|x86.ActiveCfg = Debug|Win32
		{5514A992-229B-47B4-9E37-8299A4C1263A}.Debug|x86.Build.0 = Debug|Win32
		{5514A992-229B-47B4-9E37-8299A4C1263A}.Debug|x86.Deploy.0 = Debug|Win32
		{5514A992-229B-47B4-9E37-8299A4C1263A}.Release|ARM.ActiveCfg = Release|ARM
		{5514A992-229B-47B4-9E37-8299A4C1263A}.Release|ARM.Build.0 = Release|ARM
		{5514A992-229B-47B4-9E37-8299A4C1263A}.Release|ARM.Deploy.0 = Release|ARM
		{5514A992-229B-47B4-9E37-8299A4C1263A}.Release|ARM64.ActiveCfg = Release|ARM64
		{5514A992-229B-47B4-9E37-8299A4C1263A}.Release|ARM64.Build.0 = Release|ARM64
		{5514A992-229B-47B4-9E37-8299A4C1263A}.Release|ARM64.Deploy.0 = Release|ARM64
		{5514A992-229B-47B4-9E37-8299A4C1263A}.Release|x64.ActiveCfg = Release|x64
		{5514A992-229B-47B4-9E37-8299A4C1263A}.Release|x64.Build.0 = Release|x64
		{5514A992-229B-47B4-9E37-8299A4C1263A}.Release|x64.Deploy.0 = Release|x64
		{5514A992-229B-47B4-9E37-8299A4C1263A}.Release|x86.ActiveCfg = Release|Win32
		{5514A992-229B-47B4-9E37-8299A4C1263A}.Release|x86.Build.0 = Release|Win32
		{5514A992-229B-47B4-9E37-8299A4C1263A}.Release|x86.Deploy.0 = Release|Win32
		{5514A992-229B-47B4-9E37-8299A4C1263A}.ReleaseWithoutAsm|ARM.ActiveCfg = Release|ARM
		{5514A992-229B-47B4-9E37-8299A4C1263A}.ReleaseWithoutAsm|ARM.Build.0 = Release|ARM
		{5514A992-229B-47B4-9E37-8299A4C1263A}.ReleaseWithoutAsm|ARM.Deploy.0 = Release|ARM
		{5514A992-229B-47B4-9E37-8299A4C1263A}.ReleaseWithoutAsm|ARM64.ActiveCfg = Release|ARM64
		{5514A992-229B-47B4-9E37-8299A4C1263A}.ReleaseWithoutAsm|ARM64.Build.0 = Release|ARM64
		{5514A992-229B-47B4-9E37-8299A4C1263A}.ReleaseWithoutAsm|ARM64.Deploy.0 = Release|ARM64
		{5514A992-229B-47B4-9E37-8299A4C1263A}.ReleaseWithoutAsm|x64.ActiveCfg = Debug|x64
		{5514A992-229B-47B4-9E37-8299A4C1263A}.ReleaseWithoutAsm|x64.Build.0 = Debug|x64
		{5514A992-229B-47B4-9E37-8299A4C1263A}.ReleaseWithoutAsm|x86.ActiveCfg = Release|Win32
		{5514A992-229B-47B4-9E37-8299A4C1263A}.ReleaseWithoutAsm|x86.Build.0 = Release|Win32
		{5514A992-229B-47B4-9E37-8299A4C1263A}.ReleaseWithoutAsm|x86.Deploy.0 = Release|Win32
		{6352BFDB-D45E-47FD-BDE8-F9320CAECF9B}.Debug|ARM.ActiveCfg = Debug|ARM
		{6352BFDB-D45E-47FD-BDE8-F9320CAECF9B}.Debug|ARM.Build.0 = Debug|ARM
		{6352BFDB-D45E-47FD-BDE8-F9320CAECF9B}.Debug|ARM.Deploy.0 = Debug|ARM
		{6352BFDB-D45E-47FD-BDE8-F9320CAECF9B}.Debug|ARM64.ActiveCfg = Debug|ARM64
		{6352BFDB-D45E-47FD-BDE8-F9320CAECF9B}.Debug|ARM64.Build.0 = Debug|ARM64
		{6352BFDB-D45E-47FD-BDE8-F9320CAECF9B}.Debug|ARM64.Deploy.0 = Debug|ARM64
		{6352BFDB-D45E-47FD-BDE8-F9320CAECF9B}.Debug|x64.ActiveCfg = Debug|x64
		{6352BFDB-D45E-47FD-BDE8-F9320CAECF9B}.Debug|x64.Build.0 = Debug|x64
		{6352BFDB-D45E-47FD-BDE8-F9320CAECF9B}.Debug|x64.Deploy.0 = Debug|x64
		{6352BFDB-D45E-47FD-BDE8-F9320CAECF9B}.Debug|x86.ActiveCfg = Debug|Win32
		{6352BFDB-D45E-47FD-BDE8-F9320CAECF9B}.Debug|x86.Build.0 = Debug|Win32
		{6352BFDB-D45E-47FD-BDE8-F9320CAECF9B}.Debug|x86.Deploy.0 = Debug|Win32
		{6352BFDB-D45E-47FD-BDE8-F9320CAECF9B}.Release|ARM.ActiveCfg = Release|ARM
		{6352BFDB-D45E-47FD-BDE8-F9320CAECF9B}.Release|ARM.Build.0 = Release|ARM
		{6352BFDB-D45E-47FD-BDE8-F9320CAECF9B}.Release|ARM.Deploy.0 = Release|ARM
		{6352BFDB-D45E-47FD-BDE8-F9320CAECF9B}.Release|ARM64.ActiveCfg = Release|ARM64
		{6352BFDB-D45E-47FD-BDE8-F9320CAECF9B}.Release|ARM64.Build.0 = Release|ARM64
		{6352BFDB-D45E-47FD-BDE8-F9320CAECF9B}.Release|ARM64.Deploy.0 = Release|ARM64
		{6352BFDB-D45E-47FD-BDE8-F9320CAECF9B}.Release|x64.ActiveCfg = Release|x64
		{6352BFDB-D45E-47FD-BDE8-F9320CAECF9B}.Release|x64.Build.0 = Release|x64
		{6352BFDB-D45E-47FD-BDE8-F9320CAECF9B}.Release|x64.Deploy.0 = Release|x64
		{6352BFDB-D45E-47FD-BDE8-F9320CAECF9B}.Release|x86.ActiveCfg = Release|Win32
		{6352BFDB-D45E-47FD-BDE8-F9320CAECF9B}.Release|x86.Build.0 = Release|Win32
		{6352BFDB-D45E-47FD-BDE8-F9320CAECF9B}.Release|x86.Deploy.0 = Release|Win32
		{6352BFDB-D45E-47FD-BDE8-F9320CAECF9B}.ReleaseWithoutAsm|ARM.ActiveCfg = Release|ARM
		{6352BFDB-D45E-47FD-BDE8-F9320CAECF9B}.ReleaseWithoutAsm|ARM.Build.0 = Release|ARM
		{6352BFDB-D45E-47FD-BDE8-F9320CAECF9B}.ReleaseWithoutAsm|ARM.Deploy.0 = Release|ARM
		{6352BFDB-D45E-47FD-BDE8-F9320CAECF9B}.ReleaseWithoutAsm|ARM64.ActiveCfg = Release|ARM64
		{6352BFDB-D45E-47FD-BDE8-F9320CAECF9B}.ReleaseWithoutAsm|ARM64.Build.0 = Release|ARM64
		{6352BFDB-D45E-47FD-BDE8-F9320CAECF9B}.ReleaseWithoutAsm|ARM64.Deploy.0 = Release|ARM64
		{6352BFDB-D45E-47FD-BDE8-F9320CAECF9B}.ReleaseWithoutAsm|x64.ActiveCfg = Debug|x64
		{6352BFDB-D45E-47FD-BDE8-F9320CAECF9B}.ReleaseWithoutAsm|x64.Build.0 = Debug|x64
		{6352BFDB-D45E-47FD-BDE8-F9320CAECF9B}.ReleaseWithoutAsm|x86.ActiveCfg = Release|Win32
		{6352BFDB-D45E-47FD-BDE8-F9320CAECF9B}.ReleaseWithoutAsm|x86.Build.0 = Release|Win32
		{6352BFDB-D45E-47FD-BDE8-F9320CAECF9B}.ReleaseWithoutAsm|x86.Deploy.0 = Release|Win32
		{745DEC58-EBB3-47A9-A9B8-4C6627C01BF8}.Debug|ARM.ActiveCfg = Debug|Win32
		{745DEC58-EBB3-47A9-A9B8-4C6627C01BF8}.Debug|ARM64.ActiveCfg = Debug|Win32
		{745DEC58-EBB3-47A9-A9B8-4C6627C01BF8}.Debug|x64.ActiveCfg = Debug|x64
		{745DEC58-EBB3-47A9-A9B8-4C6627C01BF8}.Debug|x64.Build.0 = Debug|x64
		{745DEC58-EBB3-47A9-A9B8-4C6627C01BF8}.Debug|x86.ActiveCfg = Debug|Win32
		{745DEC58-EBB3-47A9-A9B8-4C6627C01BF8}.Debug|x86.Build.0 = Debug|Win32
		{745DEC58-EBB3-47A9-A9B8-4C6627C01BF8}.Release|ARM.ActiveCfg = Release|Win32
		{745DEC58-EBB3-47A9-A9B8-4C6627C01BF8}.Release|ARM64.ActiveCfg = Release|Win32
		{745DEC58-EBB3-47A9-A9B8-4C6627C01BF8}.Release|x64.ActiveCfg = ReleaseWithoutAsm|x64
		{745DEC58-EBB3-47A9-A9B8-4C6627C01BF8}.Release|x64.Build.0 = ReleaseWithoutAsm|x64
		{745DEC58-EBB3-47A9-A9B8-4C6627C01BF8}.Release|x64.Deploy.0 = ReleaseWithoutAsm|x64
		{745DEC58-EBB3-47A9-A9B8-4C6627C01BF8}.Release|x86.ActiveCfg = Release|Win32
		{745DEC58-EBB3-47A9-A9B8-4C6627C01BF8}.Release|x86.Build.0 = Release|Win32
		{745DEC58-EBB3-47A9-A9B8-4C6627C01BF8}.ReleaseWithoutAsm|ARM.ActiveCfg = ReleaseWithoutAsm|Win32
		{745DEC58-EBB3-47A9-A9B8-4C6627C01BF8}.ReleaseWithoutAsm|ARM64.ActiveCfg = ReleaseWithoutAsm|Win32
		{745DEC58-EBB3-47A9-A9B8-4C6627C01BF8}.ReleaseWithoutAsm|x64.ActiveCfg = Debug|x64
		{745DEC58-EBB3-47A9-A9B8-4C6627C01BF8}.ReleaseWithoutAsm|x64.Build.0 = Debug|x64
		{745DEC58-EBB3-47A9-A9B8-4C6627C01BF8}.ReleaseWithoutAsm|x86.ActiveCfg = ReleaseWithoutAsm|Win32
		{745DEC58-EBB3-47A9-A9B8-4C6627C01BF8}.ReleaseWithoutAsm|x86.Build.0 = ReleaseWithoutAsm|Win32
		{9BAA46C8-7D45-43F6-BBE9-53C7C78500F0}.Debug|ARM.ActiveCfg = Debug|ARM
		{9BAA46C8-7D45-43F6-BBE9-53C7C78500F0}.Debug|ARM.Build.0 = Debug|ARM
		{9BAA46C8-7D45-43F6-BBE9-53C7C78500F0}.Debug|ARM.Deploy.0 = Debug|ARM
		{9BAA46C8-7D45-43F6-BBE9-53C7C78500F0}.Debug|ARM64.ActiveCfg = Debug|ARM64
		{9BAA46C8-7D45-43F6-BBE9-53C7C78500F0}.Debug|ARM64.Build.0 = Debug|ARM64
		{9BAA46C8-7D45-43F6-BBE9-53C7C78500F0}.Debug|ARM64.Deploy.0 = Debug|ARM64
		{9BAA46C8-7D45-43F6-BBE9-53C7C78500F0}.Debug|x64.ActiveCfg = Debug|x64
		{9BAA46C8-7D45-43F6-BBE9-53C7C78500F0}.Debug|x64.Build.0 = Debug|x64
		{9BAA46C8-7D45-43F6-BBE9-53C7C78500F0}.Debug|x64.Deploy.0 = Debug|x64
		{9BAA46C8-7D45-43F6-BBE9-53C7C78500F0}.Debug|x86.ActiveCfg = Debug|Win32
		{9BAA46C8-7D45-43F6-BBE9-53C7C78500F0}.Debug|x86.Build.0 = Debug|Win32
		{9BAA46C8-7D45-43F6-BBE9-53C7C78500F0}.Debug|x86.Deploy.0 = Debug|Win32
		{9BAA46C8-7D45-43F6-BBE9-53C7C78500F0}.Release|ARM.ActiveCfg = Release|ARM
		{9BAA46C8-7D45-43F6-BBE9-53C7C78500F0}.Release|ARM.Build.0 = Release|ARM
		{9BAA46C8-7D45-43F6-BBE9-53C7C78500F0}.Release|ARM.Deploy.0 = Release|ARM
		{9BAA46C8-7D45-43F6-BBE9-53C7C78500F0}.Release|ARM64.ActiveCfg = Release|ARM64
		{9BAA46C8-7D45-43F6-BBE9-53C7C78500F0}.Release|ARM64.Build.0 = Release|ARM64
		{9BAA46C8-7D45-43F6-BBE9-53C7C78500F0}.Release|ARM64.Deploy.0 = Release|ARM64
		{9BAA46C8-7D45-43F6-BBE9-53C7C78500F0}.Release|x64.ActiveCfg = Release|x64
		{9BAA46C8-7D45-43F6-BBE9-53C7C78500F0}.Release|x64.Build.0 = Release|x64
		{9BAA46C8-7D45-43F6-BBE9-53C7C78500F0}.Release|x64.Deploy.0 = Release|x64
		{9BAA46C8-7D45-43F6-BBE9-53C7C78500F0}.Release|x86.ActiveCfg = Release|Win32
		{9BAA46C8-7D45-43F6-BBE9-53C7C78500F0}.Release|x86.Build.0 = Release|Win32
		{9BAA46C8-7D45-43F6-BBE9-53C7C78500F0}.Release|x86.Deploy.0 = Release|Win32
		{9BAA46C8-7D45-43F6-BBE9-53C7C78500F0}.ReleaseWithoutAsm|ARM.ActiveCfg = Release|ARM
		{9BAA46C8-7D45-43F6-BBE9-53C7C78500F0}.ReleaseWithoutAsm|ARM.Build.0 = Release|ARM
		{9BAA46C8-7D45-43F6-BBE9-53C7C78500F0}.ReleaseWithoutAsm|ARM.Deploy.0 = Release|ARM
		{9BAA46C8-7D45-43F6-BBE9-53C7C78500F0}.ReleaseWithoutAsm|ARM64.ActiveCfg = Release|ARM64
		{9BAA46C8-7D45-43F6-BBE9-53C7C78500F0}.ReleaseWithoutAsm|ARM64.Build.0 = Release|ARM64
		{9BAA46C8-7D45-43F6-BBE9-53C7C78500F0}.ReleaseWithoutAsm|ARM64.Deploy.0 = Release|ARM64
		{9BAA46C8-7D45-43F6-BBE9-53C7C78500F0}.ReleaseWithoutAsm|x64.ActiveCfg = Debug|x64
		{9BAA46C8-7D45-43F6-BBE9-53C7C78500F0}.ReleaseWithoutAsm|x64.Build.0 = Debug|x64
		{9BAA46C8-7D45-43F6-BBE9-53C7C78500F0}.ReleaseWithoutAsm|x64.Deploy.0 = Debug|x64
		{9BAA46C8-7D45-43F6-BBE9-53C7C78500F0}.ReleaseWithoutAsm|x86.ActiveCfg = Release|Win32
		{9BAA46C8-7D45-43F6-BBE9-53C7C78500F0}.ReleaseWithoutAsm|x86.Build.0 = Release|Win32
		{9BAA46C8-7D45-43F6-BBE9-53C7C78500F0}.ReleaseWithoutAsm|x86.Deploy.0 = Release|Win32
		{46508747-2A2D-4F92-95EF-AAAD820BC29B}.Debug|ARM.ActiveCfg = Debug|ARM
		{46508747-2A2D-4F92-95EF-AAAD820BC29B}.Debug|ARM.Build.0 = Debug|ARM
		{46508747-2A2D-4F92-95EF-AAAD820BC29B}.Debug|ARM.Deploy.0 = Debug|ARM
		{46508747-2A2D-4F92-95EF-AAAD820BC29B}.Debug|ARM64.ActiveCfg = Debug|ARM64
		{46508747-2A2D-4F92-95EF-AAAD820BC29B}.Debug|ARM64.Build.0 = Debug|ARM64
		{46508747-2A2D-4F92-95EF-AAAD820BC29B}.Debug|ARM64.Deploy.0 = Debug|ARM64
		{46508747-2A2D-4F92-95EF-AAAD820BC29B}.Debug|x64.ActiveCfg = Debug|x64
		{46508747-2A2D-4F92-95EF-AAAD820BC29B}.Debug|x64.Build.0 = Debug|x64
		{46508747-2A2D-4F92-95EF-AAAD820BC29B}.Debug|x64.Deploy.0 = Debug|x64
		{46508747-2A2D-4F92-95EF-AAAD820BC29B}.Debug|x86.ActiveCfg = Debug|Win32
		{46508747-2A2D-4F92-95EF-AAAD820BC29B}.Debug|x86.Build.0 = Debug|Win32
		{46508747-2A2D-4F92-95EF-AAAD820BC29B}.Debug|x86.Deploy.0 = Debug|Win32
		{46508747-2A2D-4F92-95EF-AAAD820BC29B}.Release|ARM.ActiveCfg = Release|ARM
		{46508747-2A2D-4F92-95EF-AAAD820BC29B}.Release|ARM.Build.0 = Release|ARM
		{46508747-2A2D-4F92-95EF-AAAD820BC29B}.Release|ARM.Deploy.0 = Release|ARM
		{46508747-2A2D-4F92-95EF-AAAD820BC29B}.Release|ARM64.ActiveCfg = Release|ARM64
		{46508747-2A2D-4F92-95EF-AAAD820BC29B}.Release|ARM64.Build.0 = Release|ARM64
		{46508747-2A2D-4F92-95EF-AAAD820BC29B}.Release|ARM64.Deploy.0 = Release|ARM64
		{46508747-2A2D-4F92-95EF-AAAD820BC29B}.Release|x64.ActiveCfg = Release|x64
		{46508747-2A2D-4F92-95EF-AAAD820BC29B}.Release|x64.Build.0 = Release|x64
		{46508747-2A2D-4F92-95EF-AAAD820BC29B}.Release|x64.Deploy.0 = Release|x64
		{46508747-2A2D-4F92-95EF-AAAD820BC29B}.Release|x86.ActiveCfg = Release|Win32
		{46508747-2A2D-4F92-95EF-AAAD820BC29B}.Release|x86.Build.0 = Release|Win32
		{46508747-2A2D-4F92-95EF-AAAD820BC29B}.Release|x86.Deploy.0 = Release|Win32
		{46508747-2A2D-4F92-95EF-AAAD820BC29B}.ReleaseWithoutAsm|ARM.ActiveCfg = Release|ARM
		{46508747-2A2D-4F92-95EF-AAAD820BC29B}.ReleaseWithoutAsm|ARM.Build.0 = Release|ARM
		{46508747-2A2D-4F92-95EF-AAAD820BC29B}.ReleaseWithoutAsm|ARM.Deploy.0 = Release|ARM
		{46508747-2A2D-4F92-95EF-AAAD820BC29B}.ReleaseWithoutAsm|ARM64.ActiveCfg = Release|ARM64
		{46508747-2A2D-4F92-95EF-AAAD820BC29B}.ReleaseWithoutAsm|ARM64.Build.0 = Release|ARM64
		{46508747-2A2D-4F92-95EF-AAAD820BC29B}.ReleaseWithoutAsm|ARM64.Deploy.0 = Release|ARM64
		{46508747-2A2D-4F92-95EF-AAAD820BC29B}.ReleaseWithoutAsm|x64.ActiveCfg = Debug|x64
		{46508747-2A2D-4F92-95EF-AAAD820BC29B}.ReleaseWithoutAsm|x64.Build.0 = Debug|x64
		{46508747-2A2D-4F92-95EF-AAAD820BC29B}.ReleaseWithoutAsm|x64.Deploy.0 = Debug|x64
		{46508747-2A2D-4F92-95EF-AAAD820BC29B}.ReleaseWithoutAsm|x86.ActiveCfg = Release|Win32
		{46508747-2A2D-4F92-95EF-AAAD820BC29B}.ReleaseWithoutAsm|x86.Build.0 = Release|Win32
		{46508747-2A2D-4F92-95EF-AAAD820BC29B}.ReleaseWithoutAsm|x86.Deploy.0 = Release|Win32
		{9BDD4E3E-9874-46B9-A6A1-B328FFB3E94F}.Debug|ARM.ActiveCfg = Debug|ARM
		{9BDD4E3E-9874-46B9-A6A1-B328FFB3E94F}.Debug|ARM.Build.0 = Debug|ARM
		{9BDD4E3E-9874-46B9-A6A1-B328FFB3E94F}.Debug|ARM.Deploy.0 = Debug|ARM
		{9BDD4E3E-9874-46B9-A6A1-B328FFB3E94F}.Debug|ARM64.ActiveCfg = Debug|ARM64
		{9BDD4E3E-9874-46B9-A6A1-B328FFB3E94F}.Debug|ARM64.Build.0 = Debug|ARM64
		{9BDD4E3E-9874-46B9-A6A1-B328FFB3E94F}.Debug|ARM64.Deploy.0 = Debug|ARM64
		{9BDD4E3E-9874-46B9-A6A1-B328FFB3E94F}.Debug|x64.ActiveCfg = Debug|x64
		{9BDD4E3E-9874-46B9-A6A1-B328FFB3E94F}.Debug|x64.Build.0 = Debug|x64
		{9BDD4E3E-9874-46B9-A6A1-B328FFB3E94F}.Debug|x64.Deploy.0 = Debug|x64
		{9BDD4E3E-9874-46B9-A6A1-B328FFB3E94F}.Debug|x86.ActiveCfg = Debug|Win32
		{9BDD4E3E-9874-46B9-A6A1-B328FFB3E94F}.Debug|x86.Build.0 = Debug|Win32
		{9BDD4E3E-9874-46B9-A6A1-B328FFB3E94F}.Debug|x86.Deploy.0 = Debug|Win32
		{9BDD4E3E-9874-46B9-A6A1-B328FFB3E94F}.Release|ARM.ActiveCfg = Release|ARM
		{9BDD4E3E-9874-46B9-A6A1-B328FFB3E94F}.Release|ARM.Build.0 = Release|ARM
		{9BDD4E3E-9874-46B9-A6A1-B328FFB3E94F}.Release|ARM.Deploy.0 = Release|ARM
		{9BDD4E3E-9874-46B9-A6A1-B328FFB3E94F}.Release|ARM64.ActiveCfg = Release|ARM64
		{9BDD4E3E-9874-46B9-A6A1-B328FFB3E94F}.Release|ARM64.Build.0 = Release|ARM64
		{9BDD4E3E-9874-46B9-A6A1-B328FFB3E94F}.Release|ARM64.Deploy.0 = Release|ARM64
		{9BDD4E3E-9874-46B9-A6A1-B328FFB3E94F}.Release|x64.ActiveCfg = Release|x64
		{9BDD4E3E-9874-46B9-A6A1-B328FFB3E94F}.Release|x64.Build.0 = Release|x64
		{9BDD4E3E-9874-46B9-A6A1-B328FFB3E94F}.Release|x64.Deploy.0 = Release|x64
		{9BDD4E3E-9874-46B9-A6A1-B328FFB3E94F}.Release|x86.ActiveCfg = Release|Win32
		{9BDD4E3E-9874-46B9-A6A1-B328FFB3E94F}.Release|x86.Build.0 = Release|Win32
		{9BDD4E3E-9874-46B9-A6A1-B328FFB3E94F}.Release|x86.Deploy.0 = Release|Win32
		{9BDD4E3E-9874-46B9-A6A1-B328FFB3E94F}.ReleaseWithoutAsm|ARM.ActiveCfg = Release|ARM
		{9BDD4E3E-9874-46B9-A6A1-B328FFB3E94F}.ReleaseWithoutAsm|ARM.Build.0 = Release|ARM
		{9BDD4E3E-9874-46B9-A6A1-B328FFB3E94F}.ReleaseWithoutAsm|ARM.Deploy.0 = Release|ARM
		{9BDD4E3E-9874-46B9-A6A1-B328FFB3E94F}.ReleaseWithoutAsm|ARM64.ActiveCfg = Release|ARM64
		{9BDD4E3E-9874-46B9-A6A1-B328FFB3E94F}.ReleaseWithoutAsm|ARM64.Build.0 = Release|ARM64
		{9BDD4E3E-9874-46B9-A6A1-B328FFB3E94F}.ReleaseWithoutAsm|ARM64.Deploy.0 = Release|ARM64
		{9BDD4E3E-9874-46B9-A6A1-B328FFB3E94F}.ReleaseWithoutAsm|x64.ActiveCfg = Debug|x64
		{9BDD4E3E-9874-46B9-A6A1-B328FFB3E94F}.ReleaseWithoutAsm|x64.Build.0 = Debug|x64
		{9BDD4E3E-9874-46B9-A6A1-B328FFB3E94F}.ReleaseWithoutAsm|x64.Deploy.0 = Debug|x64
		{9BDD4E3E-9874-46B9-A6A1-B328FFB3E94F}.ReleaseWithoutAsm|x86.ActiveCfg = Release|Win32
		{9BDD4E3E-9874-46B9-A6A1-B328FFB3E94F}.ReleaseWithoutAsm|x86.Build.0 = Release|Win32
		{9BDD4E3E-9874-46B9-A6A1-B328FFB3E94F}.ReleaseWithoutAsm|x86.Deploy.0 = Release|Win32
		{93BBE582-95D6-4CB4-9C3C-9825B6607453}.Debug|ARM.ActiveCfg = Debug|ARM
		{93BBE582-95D6-4CB4-9C3C-9825B6607453}.Debug|ARM.Build.0 = Debug|ARM
		{93BBE582-95D6-4CB4-9C3C-9825B6607453}.Debug|ARM.Deploy.0 = Debug|ARM
		{93BBE582-95D6-4CB4-9C3C-9825B6607453}.Debug|ARM64.ActiveCfg = Debug|ARM64
		{93BBE582-95D6-4CB4-9C3C-9825B6607453}.Debug|ARM64.Build.0 = Debug|ARM64
		{93BBE582-95D6-4CB4-9C3C-9825B6607453}.Debug|ARM64.Deploy.0 = Debug|ARM64
		{93BBE582-95D6-4CB4-9C3C-9825B6607453}.Debug|x64.ActiveCfg = Debug|x64
		{93BBE582-95D6-4CB4-9C3C-9825B6607453}.Debug|x64.Build.0 = Debug|x64
		{93BBE582-95D6-4CB4-9C3C-9825B6607453}.Debug|x64.Deploy.0 = Debug|x64
		{93BBE582-95D6-4CB4-9C3C-9825B6607453}.Debug|x86.ActiveCfg = Debug|Win32
		{93BBE582-95D6-4CB4-9C3C-9825B6607453}.Debug|x86.Build.0 = Debug|Win32
		{93BBE582-95D6-4CB4-9C3C-9825B6607453}.Debug|x86.Deploy.0 = Debug|Win32
		{93BBE582-95D6-4CB4-9C3C-9825B6607453}.Release|ARM.ActiveCfg = Release|ARM
		{93BBE582-95D6-4CB4-9C3C-9825B6607453}.Release|ARM.Build.0 = Release|ARM
		{93BBE582-95D6-4CB4-9C3C-9825B6607453}.Release|ARM.Deploy.0 = Release|ARM
		{93BBE582-95D6-4CB4-9C3C-9825B6607453}.Release|ARM64.ActiveCfg = Release|ARM64
		{93BBE582-95D6-4CB4-9C3C-9825B6607453}.Release|ARM64.Build.0 = Release|ARM64
		{93BBE582-95D6-4CB4-9C3C-9825B6607453}.Release|ARM64.Deploy.0 = Release|ARM64
		{93BBE582-95D6-4CB4-9C3C-9825B6607453}.Release|x64.ActiveCfg = Release|x64
		{93BBE582-95D6-4CB4-9C3C-9825B6607453}.Release|x64.Build.0 = Release|x64
		{93BBE582-95D6-4CB4-9C3C-9825B6607453}.Release|x64.Deploy.0 = Release|x64
		{93BBE582-95D6-4CB4-9C3C-9825B6607453}.Release|x86.ActiveCfg = Release|Win32
		{93BBE582-95D6-4CB4-9C3C-9825B6607453}.Release|x86.Build.0 = Release|Win32
		{93BBE582-95D6-4CB4-9C3C-9825B6607453}.Release|x86.Deploy.0 = Release|Win32
		{93BBE582-95D6-4CB4-9C3C-9825B6607453}.ReleaseWithoutAsm|ARM.ActiveCfg = Release|ARM
		{93BBE582-95D6-4CB4-9C3C-9825B6607453}.ReleaseWithoutAsm|ARM.Build.0 = Release|ARM
		{93BBE582-95D6-4CB4-9C3C-9825B6607453}.ReleaseWithoutAsm|ARM.Deploy.0 = Release|ARM
		{93BBE582-95D6-4CB4-9C3C-9825B6607453}.ReleaseWithoutAsm|ARM64.ActiveCfg = Release|ARM64
		{93BBE582-95D6-4CB4-9C3C-9825B6607453}.ReleaseWithoutAsm|ARM64.Build.0 = Release|ARM64
		{93BBE582-95D6-4CB4-9C3C-9825B6607453}.ReleaseWithoutAsm|ARM64.Deploy.0 = Release|ARM64
		{93BBE582-95D6-4CB4-9C3C-9825B6607453}.ReleaseWithoutAsm|x64.ActiveCfg = Debug|x64
		{93BBE582-95D6-4CB4-9C3C-9825B6607453}.ReleaseWithoutAsm|x64.Build.0 = Debug|x64
		{93BBE582-95D6-4CB4-9C3C-9825B6607453}.ReleaseWithoutAsm|x64.Deploy.0 = Debug|x64
		{93BBE582-95D6-4CB4-9C3C-9825B6607453}.ReleaseWithoutAsm|x86.ActiveCfg = Release|Win32
		{93BBE582-95D6-4CB4-9C3C-9825B6607453}.ReleaseWithoutAsm|x86.Build.0 = Release|Win32
		{93BBE582-95D6-4CB4-9C3C-9825B6607453}.ReleaseWithoutAsm|x86.Deploy.0 = Release|Win32
		{D588961B-6501-4259-AC02-EAD1B465EF89}.Debug|ARM.ActiveCfg = Debug|Win32
		{D588961B-6501-4259-AC02-EAD1B465EF89}.Debug|ARM64.ActiveCfg = Debug|Win32
		{D588961B-6501-4259-AC02-EAD1B465EF89}.Debug|x64.ActiveCfg = Debug|x64
		{D588961B-6501-4259-AC02-EAD1B465EF89}.Debug|x64.Build.0 = Debug|x64
		{D588961B-6501-4259-AC02-EAD1B465EF89}.Debug|x86.ActiveCfg = Debug|Win32
		{D588961B-6501-4259-AC02-EAD1B465EF89}.Debug|x86.Build.0 = Debug|Win32
		{D588961B-6501-4259-AC02-EAD1B465EF89}.Release|ARM.ActiveCfg = Release|Win32
		{D588961B-6501-4259-AC02-EAD1B465EF89}.Release|ARM64.ActiveCfg = Release|Win32
		{D588961B-6501-4259-AC02-EAD1B465EF89}.Release|x64.ActiveCfg = Release|x64
		{D588961B-6501-4259-AC02-EAD1B465EF89}.Release|x64.Build.0 = Release|x64
		{D588961B-6501-4259-AC02-EAD1B465EF89}.Release|x86.ActiveCfg = Release|Win32
		{D588961B-6501-4259-AC02-EAD1B465EF89}.Release|x86.Build.0 = Release|Win32
		{D588961B-6501-4259-AC02-EAD1B465EF89}.ReleaseWithoutAsm|ARM.ActiveCfg = Release|x64
		{D588961B-6501-4259-AC02-EAD1B465EF89}.ReleaseWithoutAsm|ARM.Build.0 = Release|x64
		{D588961B-6501-4259-AC02-EAD1B465EF89}.ReleaseWithoutAsm|ARM64.ActiveCfg = Release|x64
		{D588961B-6501-4259-AC02-EAD1B465EF89}.ReleaseWithoutAsm|ARM64.Build.0 = Release|x64
		{D588961B-6501-4259-AC02-EAD1B465EF89}.ReleaseWithoutAsm|x64.ActiveCfg = Debug|x64
		{D588961B-6501-4259-AC02-EAD1B465EF89}.ReleaseWithoutAsm|x64.Build.0 = Debug|x64
		{D588961B-6501-4259-AC02-EAD1B465EF89}.ReleaseWithoutAsm|x86.ActiveCfg = Release|Win32
		{D588961B-6501-4259-AC02-EAD1B465EF89}.ReleaseWithoutAsm|x86.Build.0 = Release|Win32
		{037095A1-C6DA-41E2-9E03-11E4282CA85D}.Debug|ARM.ActiveCfg = Debug|ARM
		{037095A1-C6DA-41E2-9E03-11E4282CA85D}.Debug|ARM.Build.0 = Debug|ARM
		{037095A1-C6DA-41E2-9E03-11E4282CA85D}.Debug|ARM.Deploy.0 = Debug|ARM
		{037095A1-C6DA-41E2-9E03-11E4282CA85D}.Debug|ARM64.ActiveCfg = Debug|ARM64
		{037095A1-C6DA-41E2-9E03-11E4282CA85D}.Debug|ARM64.Build.0 = Debug|ARM64
		{037095A1-C6DA-41E2-9E03-11E4282CA85D}.Debug|ARM64.Deploy.0 = Debug|ARM64
		{037095A1-C6DA-41E2-9E03-11E4282CA85D}.Debug|x64.ActiveCfg = Debug|x64
		{037095A1-C6DA-41E2-9E03-11E4282CA85D}.Debug|x64.Build.0 = Debug|x64
		{037095A1-C6DA-41E2-9E03-11E4282CA85D}.Debug|x64.Deploy.0 = Debug|x64
		{037095A1-C6DA-41E2-9E03-11E4282CA85D}.Debug|x86.ActiveCfg = Debug|Win32
		{037095A1-C6DA-41E2-9E03-11E4282CA85D}.Debug|x86.Build.0 = Debug|Win32
		{037095A1-C6DA-41E2-9E03-11E4282CA85D}.Debug|x86.Deploy.0 = Debug|Win32
		{037095A1-C6DA-41E2-9E03-11E4282CA85D}.Release|ARM.ActiveCfg = Release|ARM
		{037095A1-C6DA-41E2-9E03-11E4282CA85D}.Release|ARM.Build.0 = Release|ARM
		{037095A1-C6DA-41E2-9E03-11E4282CA85D}.Release|ARM.Deploy.0 = Release|ARM
		{037095A1-C6DA-41E2-9E03-11E4282CA85D}.Release|ARM64.ActiveCfg = Release|ARM64
		{037095A1-C6DA-41E2-9E03-11E4282CA85D}.Release|ARM64.Build.0 = Release|ARM64
		{037095A1-C6DA-41E2-9E03-11E4282CA85D}.Release|ARM64.Deploy.0 = Release|ARM64
		{037095A1-C6DA-41E2-9E03-11E4282CA85D}.Release|x64.ActiveCfg = Release|x64
		{037095A1-C6DA-41E2-9E03-11E4282CA85D}.Release|x64.Build.0 = Release|x64
		{037095A1-C6DA-41E2-9E03-11E4282CA85D}.Release|x64.Deploy.0 = Release|x64
		{037095A1-C6DA-41E2-9E03-11E4282CA85D}.Release|x86.ActiveCfg = Release|Win32
		{037095A1-C6DA-41E2-9E03-11E4282CA85D}.Release|x86.Build.0 = Release|Win32
		{037095A1-C6DA-41E2-9E03-11E4282CA85D}.Release|x86.Deploy.0 = Release|Win32
		{037095A1-C6DA-41E2-9E03-11E4282CA85D}.ReleaseWithoutAsm|ARM.ActiveCfg = Release|ARM
		{037095A1-C6DA-41E2-9E03-11E4282CA85D}.ReleaseWithoutAsm|ARM.Build.0 = Release|ARM
		{037095A1-C6DA-41E2-9E03-11E4282CA85D}.ReleaseWithoutAsm|ARM.Deploy.0 = Release|ARM
		{037095A1-C6DA-41E2-9E03-11E4282CA85D}.ReleaseWithoutAsm|ARM64.ActiveCfg = Release|ARM64
		{037095A1-C6DA-41E2-9E03-11E4282CA85D}.ReleaseWithoutAsm|ARM64.Build.0 = Release|ARM64
		{037095A1-C6DA-41E2-9E03-11E4282CA85D}.ReleaseWithoutAsm|ARM64.Deploy.0 = Release|ARM64
		{037095A1-C6DA-41E2-9E03-11E4282CA85D}.ReleaseWithoutAsm|x64.ActiveCfg = Debug|x64
		{037095A1-C6DA-41E2-9E03-11E4282CA85D}.ReleaseWithoutAsm|x64.Build.0 = Debug|x64
		{037095A1-C6DA-41E2-9E03-11E4282CA85D}.ReleaseWithoutAsm|x64.Deploy.0 = Debug|x64
		{037095A1-C6DA-41E2-9E03-11E4282CA85D}.ReleaseWithoutAsm|x86.ActiveCfg = Release|Win32
		{037095A1-C6DA-41E2-9E03-11E4282CA85D}.ReleaseWithoutAsm|x86.Build.0 = Release|Win32
		{037095A1-C6DA-41E2-9E03-11E4282CA85D}.ReleaseWithoutAsm|x86.Deploy.0 = Release|Win32
		{C9B7EC29-CC3B-463C-9B84-B2EF4D13F69D}.Debug|ARM.ActiveCfg = Debug|ARM
		{C9B7EC29-CC3B-463C-9B84-B2EF4D13F69D}.Debug|ARM.Build.0 = Debug|ARM
		{C9B7EC29-CC3B-463C-9B84-B2EF4D13F69D}.Debug|ARM.Deploy.0 = Debug|ARM
		{C9B7EC29-CC3B-463C-9B84-B2EF4D13F69D}.Debug|ARM64.ActiveCfg = Debug|ARM64
		{C9B7EC29-CC3B-463C-9B84-B2EF4D13F69D}.Debug|ARM64.Build.0 = Debug|ARM64
		{C9B7EC29-CC3B-463C-9B84-B2EF4D13F69D}.Debug|ARM64.Deploy.0 = Debug|ARM64
		{C9B7EC29-CC3B-463C-9B84-B2EF4D13F69D}.Debug|x64.ActiveCfg = Debug|x64
		{C9B7EC29-CC3B-463C-9B84-B2EF4D13F69D}.Debug|x64.Build.0 = Debug|x64
		{C9B7EC29-CC3B-463C-9B84-B2EF4D13F69D}.Debug|x64.Deploy.0 = Debug|x64
		{C9B7EC29-CC3B-463C-9B84-B2EF4D13F69D}.Debug|x86.ActiveCfg = Debug|Win32
		{C9B7EC29-CC3B-463C-9B84-B2EF4D13F69D}.Debug|x86.Build.0 = Debug|Win32
		{C9B7EC29-CC3B-463C-9B84-B2EF4D13F69D}.Debug|x86.Deploy.0 = Debug|Win32
		{C9B7EC29-CC3B-463C-9B84-B2EF4D13F69D}.Release|ARM.ActiveCfg = Release|ARM
		{C9B7EC29-CC3B-463C-9B84-B2EF4D13F69D}.Release|ARM.Build.0 = Release|ARM
		{C9B7EC29-CC3B-463C-9B84-B2EF4D13F69D}.Release|ARM.Deploy.0 = Release|ARM
		{C9B7EC29-CC3B-463C-9B84-B2EF4D13F69D}.Release|ARM64.ActiveCfg = Release|ARM64
		{C9B7EC29-CC3B-463C-9B84-B2EF4D13F69D}.Release|ARM64.Build.0 = Release|ARM64
		{C9B7EC29-CC3B-463C-9B84-B2EF4D13F69D}.Release|ARM64.Deploy.0 = Release|ARM64
		{C9B7EC29-CC3B-463C-9B84-B2EF4D13F69D}.Release|x64.ActiveCfg = Release|x64
		{C9B7EC29-CC3B-463C-9B84-B2EF4D13F69D}.Release|x64.Build.0 = Release|x64
		{C9B7EC29-CC3B-463C-9B84-B2EF4D13F69D}.Release|x64.Deploy.0 = Release|x64
		{C9B7EC29-CC3B-463C-9B84-B2EF4D13F69D}.Release|x86.ActiveCfg = Release|Win32
		{C9B7EC29-CC3B-463C-9B84-B2EF4D13F69D}.Release|x86.Build.0 = Release|Win32
		{C9B7EC29-CC3B-463C-9B84-B2EF4D13F69D}.Release|x86.Deploy.0 = Release|Win32
		{C9B7EC29-CC3B-463C-9B84-B2EF4D13F69D}.ReleaseWithoutAsm|ARM.ActiveCfg = Release|ARM
		{C9B7EC29-CC3B-463C-9B84-B2EF4D13F69D}.ReleaseWithoutAsm|ARM.Build.0 = Release|ARM
		{C9B7EC29-CC3B-463C-9B84-B2EF4D13F69D}.ReleaseWithoutAsm|ARM.Deploy.0 = Release|ARM
		{C9B7EC29-CC3B-463C-9B84-B2EF4D13F69D}.ReleaseWithoutAsm|ARM64.ActiveCfg = Release|ARM64
		{C9B7EC29-CC3B-463C-9B84-B2EF4D13F69D}.ReleaseWithoutAsm|ARM64.Build.0 = Release|ARM64
		{C9B7EC29-CC3B-463C-9B84-B2EF4D13F69D}.ReleaseWithoutAsm|ARM64.Deploy.0 = Release|ARM64
		{C9B7EC29-CC3B-463C-9B84-B2EF4D13F69D}.ReleaseWithoutAsm|x64.ActiveCfg = Debug|x64
		{C9B7EC29-CC3B-463C-9B84-B2EF4D13F69D}.ReleaseWithoutAsm|x64.Build.0 = Debug|x64
		{C9B7EC29-CC3B-463C-9B84-B2EF4D13F69D}.ReleaseWithoutAsm|x64.Deploy.0 = Debug|x64
		{C9B7EC29-CC3B-463C-9B84-B2EF4D13F69D}.ReleaseWithoutAsm|x86.ActiveCfg = Release|Win32
		{C9B7EC29-CC3B-463C-9B84-B2EF4D13F69D}.ReleaseWithoutAsm|x86.Build.0 = Release|Win32
		{C9B7EC29-CC3B-463C-9B84-B2EF4D13F69D}.ReleaseWithoutAsm|x86.Deploy.0 = Release|Win32
		{AFADBAAF-F5B7-4A2A-8DA5-9D95E1A5CDA4}.Debug|ARM.ActiveCfg = Debug|ARM
		{AFADBAAF-F5B7-4A2A-8DA5-9D95E1A5CDA4}.Debug|ARM.Build.0 = Debug|ARM
		{AFADBAAF-F5B7-4A2A-8DA5-9D95E1A5CDA4}.Debug|ARM.Deploy.0 = Debug|ARM
		{AFADBAAF-F5B7-4A2A-8DA5-9D95E1A5CDA4}.Debug|ARM64.ActiveCfg = Debug|ARM64
		{AFADBAAF-F5B7-4A2A-8DA5-9D95E1A5CDA4}.Debug|ARM64.Build.0 = Debug|ARM64
		{AFADBAAF-F5B7-4A2A-8DA5-9D95E1A5CDA4}.Debug|ARM64.Deploy.0 = Debug|ARM64
		{AFADBAAF-F5B7-4A2A-8DA5-9D95E1A5CDA4}.Debug|x64.ActiveCfg = Debug|x64
		{AFADBAAF-F5B7-4A2A-8DA5-9D95E1A5CDA4}.Debug|x64.Build.0 = Debug|x64
		{AFADBAAF-F5B7-4A2A-8DA5-9D95E1A5CDA4}.Debug|x64.Deploy.0 = Debug|x64
		{AFADBAAF-F5B7-4A2A-8DA5-9D95E1A5CDA4}.Debug|x86.ActiveCfg = Debug|Win32
		{AFADBAAF-F5B7-4A2A-8DA5-9D95E1A5CDA4}.Debug|x86.Build.0 = Debug|Win32
		{AFADBAAF-F5B7-4A2A-8DA5-9D95E1A5CDA4}.Debug|x86.Deploy.0 = Debug|Win32
		{AFADBAAF-F5B7-4A2A-8DA5-9D95E1A5CDA4}.Release|ARM.ActiveCfg = Release|ARM
		{AFADBAAF-F5B7-4A2A-8DA5-9D95E1A5CDA4}.Release|ARM.Build.0 = Release|ARM
		{AFADBAAF-F5B7-4A2A-8DA5-9D95E1A5CDA4}.Release|ARM.Deploy.0 = Release|ARM
		{AFADBAAF-F5B7-4A2A-8DA5-9D95E1A5CDA4}.Release|ARM64.ActiveCfg = Release|ARM64
		{AFADBAAF-F5B7-4A2A-8DA5-9D95E1A5CDA4}.Release|ARM64.Build.0 = Release|ARM64
		{AFADBAAF-F5B7-4A2A-8DA5-9D95E1A5CDA4}.Release|ARM64.Deploy.0 = Release|ARM64
		{AFADBAAF-F5B7-4A2A-8DA5-9D95E1A5CDA4}.Release|x64.ActiveCfg = Release|x64
		{AFADBAAF-F5B7-4A2A-8DA5-9D95E1A5CDA4}.Release|x64.Build.0 = Release|x64
		{AFADBAAF-F5B7-4A2A-8DA5-9D95E1A5CDA4}.Release|x64.Deploy.0 = Release|x64
		{AFADBAAF-F5B7-4A2A-8DA5-9D95E1A5CDA4}.Release|x86.ActiveCfg = Release|Win32
		{AFADBAAF-F5B7-4A2A-8DA5-9D95E1A5CDA4}.Release|x86.Build.0 = Release|Win32
		{AFADBAAF-F5B7-4A2A-8DA5-9D95E1A5CDA4}.Release|x86.Deploy.0 = Release|Win32
		{AFADBAAF-F5B7-4A2A-8DA5-9D95E1A5CDA4}.ReleaseWithoutAsm|ARM.ActiveCfg = Release|ARM
		{AFADBAAF-F5B7-4A2A-8DA5-9D95E1A5CDA4}.ReleaseWithoutAsm|ARM.Build.0 = Release|ARM
		{AFADBAAF-F5B7-4A2A-8DA5-9D95E1A5CDA4}.ReleaseWithoutAsm|ARM.Deploy.0 = Release|ARM
		{AFADBAAF-F5B7-4A2A-8DA5-9D95E1A5CDA4}.ReleaseWithoutAsm|ARM64.ActiveCfg = Release|ARM64
		{AFADBAAF-F5B7-4A2A-8DA5-9D95E1A5CDA4}.ReleaseWithoutAsm|ARM64.Build.0 = Release|ARM64
		{AFADBAAF-F5B7-4A2A-8DA5-9D95E1A5CDA4}.ReleaseWithoutAsm|ARM64.Deploy.0 = Release|ARM64
		{AFADBAAF-F5B7-4A2A-8DA5-9D95E1A5CDA4}.ReleaseWithoutAsm|x64.ActiveCfg = Debug|x64
		{AFADBAAF-F5B7-4A2A-8DA5-9D95E1A5CDA4}.ReleaseWithoutAsm|x64.Build.0 = Debug|x64
		{AFADBAAF-F5B7-4A2A-8DA5-9D95E1A5CDA4}.ReleaseWithoutAsm|x64.Deploy.0 = Debug|x64
		{AFADBAAF-F5B7-4A2A-8DA5-9D95E1A5CDA4}.ReleaseWithoutAsm|x86.ActiveCfg = Release|Win32
		{AFADBAAF-F5B7-4A2A-8DA5-9D95E1A5CDA4}.ReleaseWithoutAsm|x86.Build.0 = Release|Win32
		{AFADBAAF-F5B7-4A2A-8DA5-9D95E1A5CDA4}.ReleaseWithoutAsm|x86.Deploy.0 = Release|Win32
		{1696DCFF-4F3A-4199-A677-27A578AE2DE1}.Debug|ARM.ActiveCfg = Debug|ARM
		{1696DCFF-4F3A-4199-A677-27A578AE2DE1}.Debug|ARM.Build.0 = Debug|ARM
		{1696DCFF-4F3A-4199-A677-27A578AE2DE1}.Debug|ARM.Deploy.0 = Debug|ARM
		{1696DCFF-4F3A-4199-A677-27A578AE2DE1}.Debug|ARM64.ActiveCfg = Debug|ARM64
		{1696DCFF-4F3A-4199-A677-27A578AE2DE1}.Debug|ARM64.Build.0 = Debug|ARM64
		{1696DCFF-4F3A-4199-A677-27A578AE2DE1}.Debug|ARM64.Deploy.0 = Debug|ARM64
		{1696DCFF-4F3A-4199-A677-27A578AE2DE1}.Debug|x64.ActiveCfg = Debug|x64
		{1696DCFF-4F3A-4199-A677-27A578AE2DE1}.Debug|x64.Build.0 = Debug|x64
		{1696DCFF-4F3A-4199-A677-27A578AE2DE1}.Debug|x64.Deploy.0 = Debug|x64
		{1696DCFF-4F3A-4199-A677-27A578AE2DE1}.Debug|x86.ActiveCfg = Debug|Win32
		{1696DCFF-4F3A-4199-A677-27A578AE2DE1}.Debug|x86.Build.0 = Debug|Win32
		{1696DCFF-4F3A-4199-A677-27A578AE2DE1}.Debug|x86.Deploy.0 = Debug|Win32
		{1696DCFF-4F3A-4199-A677-27A578AE2DE1}.Release|ARM.ActiveCfg = Release|ARM
		{1696DCFF-4F3A-4199-A677-27A578AE2DE1}.Release|ARM.Build.0 = Release|ARM
		{1696DCFF-4F3A-4199-A677-27A578AE2DE1}.Release|ARM.Deploy.0 = Release|ARM
		{1696DCFF-4F3A-4199-A677-27A578AE2DE1}.Release|ARM64.ActiveCfg = Release|ARM64
		{1696DCFF-4F3A-4199-A677-27A578AE2DE1}.Release|ARM64.Build.0 = Release|ARM64
		{1696DCFF-4F3A-4199-A677-27A578AE2DE1}.Release|ARM64.Deploy.0 = Release|ARM64
		{1696DCFF-4F3A-4199-A677-27A578AE2DE1}.Release|x64.ActiveCfg = Release|x64
		{1696DCFF-4F3A-4199-A677-27A578AE2DE1}.Release|x64.Build.0 = Release|x64
		{1696DCFF-4F3A-4199-A677-27A578AE2DE1}.Release|x64.Deploy.0 = Release|x64
		{1696DCFF-4F3A-4199-A677-27A578AE2DE1}.Release|x86.ActiveCfg = Release|Win32
		{1696DCFF-4F3A-4199-A677-27A578AE2DE1}.Release|x86.Build.0 = Release|Win32
		{1696DCFF-4F3A-4199-A677-27A578AE2DE1}.Release|x86.Deploy.0 = Release|Win32
		{1696DCFF-4F3A-4199-A677-27A578AE2DE1}.ReleaseWithoutAsm|ARM.ActiveCfg = Release|ARM
		{1696DCFF-4F3A-4199-A677-27A578AE2DE1}.ReleaseWithoutAsm|ARM.Build.0 = Release|ARM
		{1696DCFF-4F3A-4199-A677-27A578AE2DE1}.ReleaseWithoutAsm|ARM.Deploy.0 = Release|ARM
		{1696DCFF-4F3A-4199-A677-27A578AE2DE1}.ReleaseWithoutAsm|ARM64.ActiveCfg = Release|ARM64
		{1696DCFF-4F3A-4199-A677-27A578AE2DE1}.ReleaseWithoutAsm|ARM64.Build.0 = Release|ARM64
		{1696DCFF-4F3A-4199-A677-27A578AE2DE1}.ReleaseWithoutAsm|ARM64.Deploy.0 = Release|ARM64
		{1696DCFF-4F3A-4199-A677-27A578AE2DE1}.ReleaseWithoutAsm|x64.ActiveCfg = Debug|x64
		{1696DCFF-4F3A-4199-A677-27A578AE2DE1}.ReleaseWithoutAsm|x64.Build.0 = Debug|x64
		{1696DCFF-4F3A-4199-A677-27A578AE2DE1}.ReleaseWithoutAsm|x64.Deploy.0 = Debug|x64
		{1696DCFF-4F3A-4199-A677-27A578AE2DE1}.ReleaseWithoutAsm|x86.ActiveCfg = Release|Win32
		{1696DCFF-4F3A-4199-A677-27A578AE2DE1}.ReleaseWithoutAsm|x86.Build.0 = Release|Win32
		{1696DCFF-4F3A-4199-A677-27A578AE2DE1}.ReleaseWithoutAsm|x86.Deploy.0 = Release|Win32
		{91CD04E0-3A60-4092-BC71-9A20D91F3651}.Debug|ARM.ActiveCfg = Debug|ARM
		{91CD04E0-3A60-4092-BC71-9A20D91F3651}.Debug|ARM.Build.0 = Debug|ARM
		{91CD04E0-3A60-4092-BC71-9A20D91F3651}.Debug|ARM.Deploy.0 = Debug|ARM
		{91CD04E0-3A60-4092-BC71-9A20D91F3651}.Debug|ARM64.ActiveCfg = Debug|ARM64
		{91CD04E0-3A60-4092-BC71-9A20D91F3651}.Debug|ARM64.Build.0 = Debug|ARM64
		{91CD04E0-3A60-4092-BC71-9A20D91F3651}.Debug|ARM64.Deploy.0 = Debug|ARM64
		{91CD04E0-3A60-4092-BC71-9A20D91F3651}.Debug|x64.ActiveCfg = Debug|x64
		{91CD04E0-3A60-4092-BC71-9A20D91F3651}.Debug|x64.Build.0 = Debug|x64
		{91CD04E0-3A60-4092-BC71-9A20D91F3651}.Debug|x64.Deploy.0 = Debug|x64
		{91CD04E0-3A60-4092-BC71-9A20D91F3651}.Debug|x86.ActiveCfg = Debug|Win32
		{91CD04E0-3A60-4092-BC71-9A20D91F3651}.Debug|x86.Build.0 = Debug|Win32
		{91CD04E0-3A60-4092-BC71-9A20D91F3651}.Debug|x86.Deploy.0 = Debug|Win32
		{91CD04E0-3A60-4092-BC71-9A20D91F3651}.Release|ARM.ActiveCfg = Release|ARM
		{91CD04E0-3A60-4092-BC71-9A20D91F3651}.Release|ARM.Build.0 = Release|ARM
		{91CD04E0-3A60-4092-BC71-9A20D91F3651}.Release|ARM.Deploy.0 = Release|ARM
		{91CD04E0-3A60-4092-BC71-9A20D91F3651}.Release|ARM64.ActiveCfg = Release|ARM64
		{91CD04E0-3A60-4092-BC71-9A20D91F3651}.Release|ARM64.Build.0 = Release|ARM64
		{91CD04E0-3A60-4092-BC71-9A20D91F3651}.Release|ARM64.Deploy.0 = Release|ARM64
		{91CD04E0-3A60-4092-BC71-9A20D91F3651}.Release|x64.ActiveCfg = Release|x64
		{91CD04E0-3A60-4092-BC71-9A20D91F3651}.Release|x64.Build.0 = Release|x64
		{91CD04E0-3A60-4092-BC71-9A20D91F3651}.Release|x64.Deploy.0 = Release|x64
		{91CD04E0-3A60-4092-BC71-9A20D91F3651}.Release|x86.ActiveCfg = Release|Win32
		{91CD04E0-3A60-4092-BC71-9A20D91F3651}.Release|x86.Build.0 = Release|Win32
		{91CD04E0-3A60-4092-BC71-9A20D91F3651}.Release|x86.Deploy.0 = Release|Win32
		{91CD04E0-3A60-4092-BC71-9A20D91F3651}.ReleaseWithoutAsm|ARM.ActiveCfg = Release|ARM
		{91CD04E0-3A60-4092-BC71-9A20D91F3651}.ReleaseWithoutAsm|ARM.Build.0 = Release|ARM
		{91CD04E0-3A60-4092-BC71-9A20D91F3651}.ReleaseWithoutAsm|ARM.Deploy.0 = Release|ARM
		{91CD04E0-3A60-4092-BC71-9A20D91F3651}.ReleaseWithoutAsm|ARM64.ActiveCfg = Release|ARM64
		{91CD04E0-3A60-4092-BC71-9A20D91F3651}.ReleaseWithoutAsm|ARM64.Build.0 = Release|ARM64
		{91CD04E0-3A60-4092-BC71-9A20D91F3651}.ReleaseWithoutAsm|ARM64.Deploy.0 = Release|ARM64
		{91CD04E0-3A60-4092-BC71-9A20D91F3651}.ReleaseWithoutAsm|x64.ActiveCfg = Debug|x64
		{91CD04E0-3A60-4092-BC71-9A20D91F3651}.ReleaseWithoutAsm|x64.Build.0 = Debug|x64
		{91CD04E0-3A60-4092-BC71-9A20D91F3651}.ReleaseWithoutAsm|x64.Deploy.0 = Debug|x64
		{91CD04E0-3A60-4092-BC71-9A20D91F3651}.ReleaseWithoutAsm|x86.ActiveCfg = Release|Win32
		{91CD04E0-3A60-4092-BC71-9A20D91F3651}.ReleaseWithoutAsm|x86.Build.0 = Release|Win32
		{91CD04E0-3A60-4092-BC71-9A20D91F3651}.ReleaseWithoutAsm|x86.Deploy.0 = Release|Win32
		{C6948C8E-ABE3-4D34-8300-C88B8A5BD8FD}.Debug|ARM.ActiveCfg = Debug|ARM
		{C6948C8E-ABE3-4D34-8300-C88B8A5BD8FD}.Debug|ARM.Build.0 = Debug|ARM
		{C6948C8E-ABE3-4D34-8300-C88B8A5BD8FD}.Debug|ARM.Deploy.0 = Debug|ARM
		{C6948C8E-ABE3-4D34-8300-C88B8A5BD8FD}.Debug|ARM64.ActiveCfg = Debug|ARM64
		{C6948C8E-ABE3-4D34-8300-C88B8A5BD8FD}.Debug|ARM64.Build.0 = Debug|ARM64
		{C6948C8E-ABE3-4D34-8300-C88B8A5BD8FD}.Debug|ARM64.Deploy.0 = Debug|ARM64
		{C6948C8E-ABE3-4D34-8300-C88B8A5BD8FD}.Debug|x64.ActiveCfg = Debug|x64
		{C6948C8E-ABE3-4D34-8300-C88B8A5BD8FD}.Debug|x64.Build.0 = Debug|x64
		{C6948C8E-ABE3-4D34-8300-C88B8A5BD8FD}.Debug|x64.Deploy.0 = Debug|x64
		{C6948C8E-ABE3-4D34-8300-C88B8A5BD8FD}.Debug|x86.ActiveCfg = Debug|Win32
		{C6948C8E-ABE3-4D34-8300-C88B8A5BD8FD}.Debug|x86.Build.0 = Debug|Win32
		{C6948C8E-ABE3-4D34-8300-C88B8A5BD8FD}.Debug|x86.Deploy.0 = Debug|Win32
		{C6948C8E-ABE3-4D34-8300-C88B8A5BD8FD}.Release|ARM.ActiveCfg = Release|ARM
		{C6948C8E-ABE3-4D34-8300-C88B8A5BD8FD}.Release|ARM.Build.0 = Release|ARM
		{C6948C8E-ABE3-4D34-8300-C88B8A5BD8FD}.Release|ARM.Deploy.0 = Release|ARM
		{C6948C8E-ABE3-4D34-8300-C88B8A5BD8FD}.Release|ARM64.ActiveCfg = Release|ARM64
		{C6948C8E-ABE3-4D34-8300-C88B8A5BD8FD}.Release|ARM64.Build.0 = Release|ARM64
		{C6948C8E-ABE3-4D34-8300-C88B8A5BD8FD}.Release|ARM64.Deploy.0 = Release|ARM64
		{C6948C8E-ABE3-4D34-8300-C88B8A5BD8FD}.Release|x64.ActiveCfg = Release|x64
		{C6948C8E-ABE3-4D34-8300-C88B8A5BD8FD}.Release|x64.Build.0 = Release|x64
		{C6948C8E-ABE3-4D34-8300-C88B8A5BD8FD}.Release|x64.Deploy.0 = Release|x64
		{C6948C8E-ABE3-4D34-8300-C88B8A5BD8FD}.Release|x86.ActiveCfg = Release|Win32
		{C6948C8E-ABE3-4D34-8300-C88B8A5BD8FD}.Release|x86.Build.0 = Release|Win32
		{C6948C8E-ABE3-4D34-8300-C88B8A5BD8FD}.Release|x86.Deploy.0 = Release|Win32
		{C6948C8E-ABE3-4D34-8300-C88B8A5BD8FD}.ReleaseWithoutAsm|ARM.ActiveCfg = Release|ARM
		{C6948C8E-ABE3-4D34-8300-C88B8A5BD8FD}.ReleaseWithoutAsm|ARM.Build.0 = Release|ARM
		{C6948C8E-ABE3-4D34-8300-C88B8A5BD8FD}.ReleaseWithoutAsm|ARM.Deploy.0 = Release|ARM
		{C6948C8E-ABE3-4D34-8300-C88B8A5BD8FD}.ReleaseWithoutAsm|ARM64.ActiveCfg = Release|ARM64
		{C6948C8E-ABE3-4D34-8300-C88B8A5BD8FD}.ReleaseWithoutAsm|ARM64.Build.0 = Release|ARM64
		{C6948C8E-ABE3-4D34-8300-C88B8A5BD8FD}.ReleaseWithoutAsm|ARM64.Deploy.0 = Release|ARM64
		{C6948C8E-ABE3-4D34-8300-C88B8A5BD8FD}.ReleaseWithoutAsm|x64.ActiveCfg = Debug|x64
		{C6948C8E-ABE3-4D34-8300-C88B8A5BD8FD}.ReleaseWithoutAsm|x64.Build.0 = Debug|x64
		{C6948C8E-ABE3-4D34-8300-C88B8A5BD8FD}.ReleaseWithoutAsm|x64.Deploy.0 = Debug|x64
		{C6948C8E-ABE3-4D34-8300-C88B8A5BD8FD}.ReleaseWithoutAsm|x86.ActiveCfg = Release|Win32
		{C6948C8E-ABE3-4D34-8300-C88B8A5BD8FD}.ReleaseWithoutAsm|x86.Build.0 = Release|Win32
		{C6948C8E-ABE3-4D34-8300-C88B8A5BD8FD}.ReleaseWithoutAsm|x86.Deploy.0 = Release|Win32
		{D923B8A4-5161-4E28-9E69-D3193114DAC4}.Debug|ARM.ActiveCfg = Debug|Win32
		{D923B8A4-5161-4E28-9E69-D3193114DAC4}.Debug|ARM64.ActiveCfg = Debug|Win32
		{D923B8A4-5161-4E28-9E69-D3193114DAC4}.Debug|x64.ActiveCfg = Debug|x64
		{D923B8A4-5161-4E28-9E69-D3193114DAC4}.Debug|x64.Build.0 = Debug|x64
		{D923B8A4-5161-4E28-9E69-D3193114DAC4}.Debug|x64.Deploy.0 = Debug|x64
		{D923B8A4-5161-4E28-9E69-D3193114DAC4}.Debug|x86.ActiveCfg = Debug|Win32
		{D923B8A4-5161-4E28-9E69-D3193114DAC4}.Debug|x86.Build.0 = Debug|Win32
		{D923B8A4-5161-4E28-9E69-D3193114DAC4}.Release|ARM.ActiveCfg = Release|Win32
		{D923B8A4-5161-4E28-9E69-D3193114DAC4}.Release|ARM64.ActiveCfg = Release|Win32
		{D923B8A4-5161-4E28-9E69-D3193114DAC4}.Release|x64.ActiveCfg = Release|x64
		{D923B8A4-5161-4E28-9E69-D3193114DAC4}.Release|x64.Build.0 = Release|x64
		{D923B8A4-5161-4E28-9E69-D3193114DAC4}.Release|x64.Deploy.0 = Release|x64
		{D923B8A4-5161-4E28-9E69-D3193114DAC4}.Release|x86.ActiveCfg = Release|Win32
		{D923B8A4-5161-4E28-9E69-D3193114DAC4}.Release|x86.Build.0 = Release|Win32
		{D923B8A4-5161-4E28-9E69-D3193114DAC4}.ReleaseWithoutAsm|ARM.ActiveCfg = Release|x64
		{D923B8A4-5161-4E28-9E69-D3193114DAC4}.ReleaseWithoutAsm|ARM.Build.0 = Release|x64
		{D923B8A4-5161-4E28-9E69-D3193114DAC4}.ReleaseWithoutAsm|ARM64.ActiveCfg = Release|x64
		{D923B8A4-5161-4E28-9E69-D3193114DAC4}.ReleaseWithoutAsm|ARM64.Build.0 = Release|x64
		{D923B8A4-5161-4E28-9E69-D3193114DAC4}.ReleaseWithoutAsm|x64.ActiveCfg = Debug|x64
		{D923B8A4-5161-4E28-9E69-D3193114DAC4}.ReleaseWithoutAsm|x64.Build.0 = Debug|x64
		{D923B8A4-5161-4E28-9E69-D3193114DAC4}.ReleaseWithoutAsm|x86.ActiveCfg = Release|Win32
		{D923B8A4-5161-4E28-9E69-D3193114DAC4}.ReleaseWithoutAsm|x86.Build.0 = Release|Win32
		{4778CE42-0E64-4BC5-86A4-3568F977C0F9}.Debug|ARM.ActiveCfg = Debug|Win32
		{4778CE42-0E64-4BC5-86A4-3568F977C0F9}.Debug|ARM64.ActiveCfg = Debug|Win32
		{4778CE42-0E64-4BC5-86A4-3568F977C0F9}.Debug|x64.ActiveCfg = Debug|x64
		{4778CE42-0E64-4BC5-86A4-3568F977C0F9}.Debug|x64.Build.0 = Debug|x64
		{4778CE42-0E64-4BC5-86A4-3568F977C0F9}.Debug|x86.ActiveCfg = Debug|Win32
		{4778CE42-0E64-4BC5-86A4-3568F977C0F9}.Debug|x86.Build.0 = Debug|Win32
		{4778CE42-0E64-4BC5-86A4-3568F977C0F9}.Release|ARM.ActiveCfg = Release|Win32
		{4778CE42-0E64-4BC5-86A4-3568F977C0F9}.Release|ARM64.ActiveCfg = Release|Win32
		{4778CE42-0E64-4BC5-86A4-3568F977C0F9}.Release|x64.ActiveCfg = Release|x64
		{4778CE42-0E64-4BC5-86A4-3568F977C0F9}.Release|x64.Build.0 = Release|x64
		{4778CE42-0E64-4BC5-86A4-3568F977C0F9}.Release|x64.Deploy.0 = Release|x64
		{4778CE42-0E64-4BC5-86A4-3568F977C0F9}.Release|x86.ActiveCfg = Release|Win32
		{4778CE42-0E64-4BC5-86A4-3568F977C0F9}.Release|x86.Build.0 = Release|Win32
		{4778CE42-0E64-4BC5-86A4-3568F977C0F9}.ReleaseWithoutAsm|ARM.ActiveCfg = Release|x64
		{4778CE42-0E64-4BC5-86A4-3568F977C0F9}.ReleaseWithoutAsm|ARM.Build.0 = Release|x64
		{4778CE42-0E64-4BC5-86A4-3568F977C0F9}.ReleaseWithoutAsm|ARM64.ActiveCfg = Release|x64
		{4778CE42-0E64-4BC5-86A4-3568F977C0F9}.ReleaseWithoutAsm|ARM64.Build.0 = Release|x64
		{4778CE42-0E64-4BC5-86A4-3568F977C0F9}.ReleaseWithoutAsm|x64.ActiveCfg = Debug|x64
		{4778CE42-0E64-4BC5-86A4-3568F977C0F9}.ReleaseWithoutAsm|x64.Build.0 = Debug|x64
		{4778CE42-0E64-4BC5-86A4-3568F977C0F9}.ReleaseWithoutAsm|x86.ActiveCfg = Release|Win32
		{4778CE42-0E64-4BC5-86A4-3568F977C0F9}.ReleaseWithoutAsm|x86.Build.0 = Release|Win32
		{1727E0FD-46FF-4690-BC35-78B7AA300679}.Debug|ARM.ActiveCfg = Debug|Win32
		{1727E0FD-46FF-4690-BC35-78B7AA300679}.Debug|ARM64.ActiveCfg = Debug|Win32
		{1727E0FD-46FF-4690-BC35-78B7AA300679}.Debug|x64.ActiveCfg = Debug|x64
		{1727E0FD-46FF-4690-BC35-78B7AA300679}.Debug|x64.Build.0 = Debug|x64
		{1727E0FD-46FF-4690-BC35-78B7AA300679}.Debug|x64.Deploy.0 = Debug|x64
		{1727E0FD-46FF-4690-BC35-78B7AA300679}.Debug|x86.ActiveCfg = Debug|Win32
		{1727E0FD-46FF-4690-BC35-78B7AA300679}.Debug|x86.Build.0 = Debug|Win32
		{1727E0FD-46FF-4690-BC35-78B7AA300679}.Release|ARM.ActiveCfg = Release|Win32
		{1727E0FD-46FF-4690-BC35-78B7AA300679}.Release|ARM64.ActiveCfg = Release|Win32
		{1727E0FD-46FF-4690-BC35-78B7AA300679}.Release|x64.ActiveCfg = Release|x64
		{1727E0FD-46FF-4690-BC35-78B7AA300679}.Release|x64.Build.0 = Release|x64
		{1727E0FD-46FF-4690-BC35-78B7AA300679}.Release|x64.Deploy.0 = Release|x64
		{1727E0FD-46FF-4690-BC35-78B7AA300679}.Release|x86.ActiveCfg = Release|Win32
		{1727E0FD-46FF-4690-BC35-78B7AA300679}.Release|x86.Build.0 = Release|Win32
		{1727E0FD-46FF-4690-BC35-78B7AA300679}.ReleaseWithoutAsm|ARM.ActiveCfg = Release|x64
		{1727E0FD-46FF-4690-BC35-78B7AA300679}.ReleaseWithoutAsm|ARM.Build.0 = Release|x64
		{1727E0FD-46FF-4690-BC35-78B7AA300679}.ReleaseWithoutAsm|ARM64.ActiveCfg = Release|x64
		{1727E0FD-46FF-4690-BC35-78B7AA300679}.ReleaseWithoutAsm|ARM64.Build.0 = Release|x64
		{1727E0FD-46FF-4690-BC35-78B7AA300679}.ReleaseWithoutAsm|x64.ActiveCfg = Release|x64
		{1727E0FD-46FF-4690-BC35-78B7AA300679}.ReleaseWithoutAsm|x64.Build.0 = Release|x64
		{1727E0FD-46FF-4690-BC35-78B7AA300679}.ReleaseWithoutAsm|x86.ActiveCfg = Release|Win32
		{1727E0FD-46FF-4690-BC35-78B7AA300679}.ReleaseWithoutAsm|x86.Build.0 = Release|Win32
		{CB833E7C-6578-4110-9806-8648612272C7}.Debug|ARM.ActiveCfg = Debug|ARM
		{CB833E7C-6578-4110-9806-8648612272C7}.Debug|ARM.Build.0 = Debug|ARM
		{CB833E7C-6578-4110-9806-8648612272C7}.Debug|ARM.Deploy.0 = Debug|ARM
		{CB833E7C-6578-4110-9806-8648612272C7}.Debug|ARM64.ActiveCfg = Debug|ARM64
		{CB833E7C-6578-4110-9806-8648612272C7}.Debug|ARM64.Build.0 = Debug|ARM64
		{CB833E7C-6578-4110-9806-8648612272C7}.Debug|ARM64.Deploy.0 = Debug|ARM64
		{CB833E7C-6578-4110-9806-8648612272C7}.Debug|x64.ActiveCfg = Debug|x64
		{CB833E7C-6578-4110-9806-8648612272C7}.Debug|x64.Build.0 = Debug|x64
		{CB833E7C-6578-4110-9806-8648612272C7}.Debug|x64.Deploy.0 = Debug|x64
		{CB833E7C-6578-4110-9806-8648612272C7}.Debug|x86.ActiveCfg = Debug|Win32
		{CB833E7C-6578-4110-9806-8648612272C7}.Debug|x86.Build.0 = Debug|Win32
		{CB833E7C-6578-4110-9806-8648612272C7}.Debug|x86.Deploy.0 = Debug|Win32
		{CB833E7C-6578-4110-9806-8648612272C7}.Release|ARM.ActiveCfg = Release|ARM
		{CB833E7C-6578-4110-9806-8648612272C7}.Release|ARM.Build.0 = Release|ARM
		{CB833E7C-6578-4110-9806-8648612272C7}.Release|ARM.Deploy.0 = Release|ARM
		{CB833E7C-6578-4110-9806-8648612272C7}.Release|ARM64.ActiveCfg = Release|ARM64
		{CB833E7C-6578-4110-9806-8648612272C7}.Release|ARM64.Build.0 = Release|ARM64
		{CB833E7C-6578-4110-9806-8648612272C7}.Release|ARM64.Deploy.0 = Release|ARM64
		{CB833E7C-6578-4110-9806-8648612272C7}.Release|x64.ActiveCfg = Release|x64
		{CB833E7C-6578-4110-9806-8648612272C7}.Release|x64.Build.0 = Release|x64
		{CB833E7C-6578-4110-9806-8648612272C7}.Release|x64.Deploy.0 = Release|x64
		{CB833E7C-6578-4110-9806-8648612272C7}.Release|x86.ActiveCfg = Release|Win32
		{CB833E7C-6578-4110-9806-8648612272C7}.Release|x86.Build.0 = Release|Win32
		{CB833E7C-6578-4110-9806-8648612272C7}.Release|x86.Deploy.0 = Release|Win32
		{CB833E7C-6578-4110-9806-8648612272C7}.ReleaseWithoutAsm|ARM.ActiveCfg = Release|ARM
		{CB833E7C-6578-4110-9806-8648612272C7}.ReleaseWithoutAsm|ARM.Build.0 = Release|ARM
		{CB833E7C-6578-4110-9806-8648612272C7}.ReleaseWithoutAsm|ARM.Deploy.0 = Release|ARM
		{CB833E7C-6578-4110-9806-8648612272C7}.ReleaseWithoutAsm|ARM64.ActiveCfg = Release|ARM64
		{CB833E7C-6578-4110-9806-8648612272C7}.ReleaseWithoutAsm|ARM64.Build.0 = Release|ARM64
		{CB833E7C-6578-4110-9806-8648612272C7}.ReleaseWithoutAsm|ARM64.Deploy.0 = Release|ARM64
		{CB833E7C-6578-4110-9806-8648612272C7}.ReleaseWithoutAsm|x64.ActiveCfg = Release|x64
		{CB833E7C-6578-4110-9806-8648612272C7}.ReleaseWithoutAsm|x64.Build.0 = Release|x64
		{CB833E7C-6578-4110-9806-8648612272C7}.ReleaseWithoutAsm|x64.Deploy.0 = Release|x64
		{CB833E7C-6578-4110-9806-8648612272C7}.ReleaseWithoutAsm|x86.ActiveCfg = Release|Win32
		{CB833E7C-6578-4110-9806-8648612272C7}.ReleaseWithoutAsm|x86.Build.0 = Release|Win32
		{CB833E7C-6578-4110-9806-8648612272C7}.ReleaseWithoutAsm|x86.Deploy.0 = Release|Win32
		{72E27CAC-9D5C-4100-AC4F-3830A0E0C316}.Debug|ARM.ActiveCfg = Debug|Win32
		{72E27CAC-9D5C-4100-AC4F-3830A0E0C316}.Debug|ARM64.ActiveCfg = Debug|Win32
		{72E27CAC-9D5C-4100-AC4F-3830A0E0C316}.Debug|x64.ActiveCfg = Debug|x64
		{72E27CAC-9D5C-4100-AC4F-3830A0E0C316}.Debug|x64.Build.0 = Debug|x64
		{72E27CAC-9D5C-4100-AC4F-3830A0E0C316}.Debug|x86.ActiveCfg = Debug|Win32
		{72E27CAC-9D5C-4100-AC4F-3830A0E0C316}.Debug|x86.Build.0 = Debug|Win32
		{72E27CAC-9D5C-4100-AC4F-3830A0E0C316}.Release|ARM.ActiveCfg = Release|Win32
		{72E27CAC-9D5C-4100-AC4F-3830A0E0C316}.Release|ARM64.ActiveCfg = Release|Win32
		{72E27CAC-9D5C-4100-AC4F-3830A0E0C316}.Release|x64.ActiveCfg = Release|x64
		{72E27CAC-9D5C-4100-AC4F-3830A0E0C316}.Release|x64.Build.0 = Release|x64
		{72E27CAC-9D5C-4100-AC4F-3830A0E0C316}.Release|x86.ActiveCfg = Release|Win32
		{72E27CAC-9D5C-4100-AC4F-3830A0E0C316}.Release|x86.Build.0 = Release|Win32
		{72E27CAC-9D5C-4100-AC4F-3830A0E0C316}.ReleaseWithoutAsm|ARM.ActiveCfg = Release|x64
		{72E27CAC-9D5C-4100-AC4F-3830A0E0C316}.ReleaseWithoutAsm|ARM.Build.0 = Release|x64
		{72E27CAC-9D5C-4100-AC4F-3830A0E0C316}.ReleaseWithoutAsm|ARM64.ActiveCfg = Release|x64
		{72E27CAC-9D5C-4100-AC4F-3830A0E0C316}.ReleaseWithoutAsm|ARM64.Build.0 = Release|x64
		{72E27CAC-9D5C-4100-AC4F-3830A0E0C316}.ReleaseWithoutAsm|x64.ActiveCfg = Release|x64
		{72E27CAC-9D5C-4100-AC4F-3830A0E0C316}.ReleaseWithoutAsm|x64.Build.0 = Release|x64
		{72E27CAC-9D5C-4100-AC4F-3830A0E0C316}.ReleaseWithoutAsm|x86.ActiveCfg = Release|Win32
		{72E27CAC-9D5C-4100-AC4F-3830A0E0C316}.ReleaseWithoutAsm|x86.Build.0 = Release|Win32
		{124252BB-55ED-429B-AF4B-9D19043912D1}.Debug|ARM.ActiveCfg = Debug|Win32
		{124252BB-55ED-429B-AF4B-9D19043912D1}.Debug|ARM64.ActiveCfg = Debug|Win32
		{124252BB-55ED-429B-AF4B-9D19043912D1}.Debug|x64.ActiveCfg = Debug|x64
		{124252BB-55ED-429B-AF4B-9D19043912D1}.Debug|x64.Build.0 = Debug|x64
		{124252BB-55ED-429B-AF4B-9D19043912D1}.Debug|x86.ActiveCfg = Debug|Win32
		{124252BB-55ED-429B-AF4B-9D19043912D1}.Debug|x86.Build.0 = Debug|Win32
		{124252BB-55ED-429B-AF4B-9D19043912D1}.Release|ARM.ActiveCfg = Release|Win32
		{124252BB-55ED-429B-AF4B-9D19043912D1}.Release|ARM64.ActiveCfg = Release|Win32
		{124252BB-55ED-429B-AF4B-9D19043912D1}.Release|x64.ActiveCfg = Release|x64
		{124252BB-55ED-429B-AF4B-9D19043912D1}.Release|x64.Build.0 = Release|x64
		{124252BB-55ED-429B-AF4B-9D19043912D1}.Release|x86.ActiveCfg = Release|Win32
		{124252BB-55ED-429B-AF4B-9D19043912D1}.Release|x86.Build.0 = Release|Win32
		{124252BB-55ED-429B-AF4B-9D19043912D1}.ReleaseWithoutAsm|ARM.ActiveCfg = Release|x64
		{124252BB-55ED-429B-AF4B-9D19043912D1}.ReleaseWithoutAsm|ARM.Build.0 = Release|x64
		{124252BB-55ED-429B-AF4B-9D19043912D1}.ReleaseWithoutAsm|ARM64.ActiveCfg = Release|x64
		{124252BB-55ED-429B-AF4B-9D19043912D1}.ReleaseWithoutAsm|ARM64.Build.0 = Release|x64
		{124252BB-55ED-429B-AF4B-9D19043912D1}.ReleaseWithoutAsm|x64.ActiveCfg = Release|x64
		{124252BB-55ED-429B-AF4B-9D19043912D1}.ReleaseWithoutAsm|x64.Build.0 = Release|x64
		{124252BB-55ED-429B-AF4B-9D19043912D1}.ReleaseWithoutAsm|x86.ActiveCfg = Release|Win32
		{124252BB-55ED-429B-AF4B-9D19043912D1}.ReleaseWithoutAsm|x86.Build.0 = Release|Win32
	EndGlobalSection
	GlobalSection(SolutionProperties) = preSolution
		HideSolutionNode = FALSE
	EndGlobalSection
	GlobalSection(NestedProjects) = preSolution
		{9AFC9A86-1D07-49E1-9296-F7A3979B751D} = {CD3AEDC9-BC88-4B8A-A581-86AF23FA1A40}
		{09435112-F31C-4F47-B23E-DF2C82815654} = {5B75C17A-7B69-4F0F-8CD8-7E8117B21865}
		{5514A992-229B-47B4-9E37-8299A4C1263A} = {09435112-F31C-4F47-B23E-DF2C82815654}
		{6352BFDB-D45E-47FD-BDE8-F9320CAECF9B} = {09435112-F31C-4F47-B23E-DF2C82815654}
		{745DEC58-EBB3-47A9-A9B8-4C6627C01BF8} = {09435112-F31C-4F47-B23E-DF2C82815654}
		{9BAA46C8-7D45-43F6-BBE9-53C7C78500F0} = {09435112-F31C-4F47-B23E-DF2C82815654}
		{46508747-2A2D-4F92-95EF-AAAD820BC29B} = {09435112-F31C-4F47-B23E-DF2C82815654}
		{9BDD4E3E-9874-46B9-A6A1-B328FFB3E94F} = {09435112-F31C-4F47-B23E-DF2C82815654}
		{93BBE582-95D6-4CB4-9C3C-9825B6607453} = {09435112-F31C-4F47-B23E-DF2C82815654}
		{512F5D40-6654-4669-AEB0-189E6B549D31} = {5B75C17A-7B69-4F0F-8CD8-7E8117B21865}
		{D588961B-6501-4259-AC02-EAD1B465EF89} = {512F5D40-6654-4669-AEB0-189E6B549D31}
		{037095A1-C6DA-41E2-9E03-11E4282CA85D} = {09435112-F31C-4F47-B23E-DF2C82815654}
		{C9B7EC29-CC3B-463C-9B84-B2EF4D13F69D} = {09435112-F31C-4F47-B23E-DF2C82815654}
		{AFADBAAF-F5B7-4A2A-8DA5-9D95E1A5CDA4} = {09435112-F31C-4F47-B23E-DF2C82815654}
		{1696DCFF-4F3A-4199-A677-27A578AE2DE1} = {09435112-F31C-4F47-B23E-DF2C82815654}
		{91CD04E0-3A60-4092-BC71-9A20D91F3651} = {09435112-F31C-4F47-B23E-DF2C82815654}
		{C6948C8E-ABE3-4D34-8300-C88B8A5BD8FD} = {09435112-F31C-4F47-B23E-DF2C82815654}
		{D923B8A4-5161-4E28-9E69-D3193114DAC4} = {512F5D40-6654-4669-AEB0-189E6B549D31}
		{4778CE42-0E64-4BC5-86A4-3568F977C0F9} = {512F5D40-6654-4669-AEB0-189E6B549D31}
		{1727E0FD-46FF-4690-BC35-78B7AA300679} = {512F5D40-6654-4669-AEB0-189E6B549D31}
		{72E27CAC-9D5C-4100-AC4F-3830A0E0C316} = {09435112-F31C-4F47-B23E-DF2C82815654}
		{124252BB-55ED-429B-AF4B-9D19043912D1} = {512F5D40-6654-4669-AEB0-189E6B549D31}
	EndGlobalSection
	GlobalSection(ExtensibilityGlobals) = postSolution
		SolutionGuid = {46CB0FB5-E673-4CDA-91A9-7E293FDBDE32}
	EndGlobalSection
EndGlobal
